
Microsoft Visual Studio Solution File, Format Version 12.00
# Visual Studio Version 17
VisualStudioVersion = 17.12.35707.178
MinimumVisualStudioVersion = 10.0.40219.1
Project("{2150E333-8FDC-42A3-9474-1A3956D46DE8}") = "src", "src", "{29A207AC-CC51-4442-BB31-CE12769DA213}"
EndProject
Project("{2150E333-8FDC-42A3-9474-1A3956D46DE8}") = "Microservices", "Microservices", "{BC0B9FEF-4609-46DB-9D52-FB93E8D344ED}"
EndProject
Project("{2150E333-8FDC-42A3-9474-1A3956D46DE8}") = "EmailSender", "EmailSender", "{A45F7D55-6C54-4AFE-ADE8-115D110829F9}"
	ProjectSection(SolutionItems) = preProject
		src\Microservices\EmailSender\Lumen.EmailSender.sln = src\Microservices\EmailSender\Lumen.EmailSender.sln
	EndProjectSection
EndProject
Project("{2150E333-8FDC-42A3-9474-1A3956D46DE8}") = "Subscriptions", "Subscriptions", "{B3283558-7C35-4687-A47A-1223DB5DEB43}"
	ProjectSection(SolutionItems) = preProject
		src\Microservices\Friendship\Lumen.Subscriptions.sln = src\Microservices\Friendship\Lumen.Subscriptions.sln
	EndProjectSection
EndProject
Project("{2150E333-8FDC-42A3-9474-1A3956D46DE8}") = "Identity", "Identity", "{BEBE344F-CA5D-4956-B69D-3E6FA7278411}"
	ProjectSection(SolutionItems) = preProject
		src\Microservices\Identity\Lumen.Identity.sln = src\Microservices\Identity\Lumen.Identity.sln
	EndProjectSection
EndProject
Project("{2150E333-8FDC-42A3-9474-1A3956D46DE8}") = "PushNotificator", "PushNotificator", "{C8D6C72B-5D1B-484B-9FEA-B211E9DBAE19}"
	ProjectSection(SolutionItems) = preProject
		src\Microservices\PushNotificator\Lumen.PushNotificator.sln = src\Microservices\PushNotificator\Lumen.PushNotificator.sln
	EndProjectSection
EndProject
Project("{2150E333-8FDC-42A3-9474-1A3956D46DE8}") = "Profile", "Profile", "{C349228A-8122-4E89-AFCE-6B3FDAC22A93}"
	ProjectSection(SolutionItems) = preProject
		src\Microservices\Profile\Lumen.Profile.sln = src\Microservices\Profile\Lumen.Profile.sln
	EndProjectSection
EndProject
Global
	GlobalSection(SolutionProperties) = preSolution
		HideSolutionNode = FALSE
	EndGlobalSection
	GlobalSection(NestedProjects) = preSolution
		{BC0B9FEF-4609-46DB-9D52-FB93E8D344ED} = {29A207AC-CC51-4442-BB31-CE12769DA213}
		{A45F7D55-6C54-4AFE-ADE8-115D110829F9} = {BC0B9FEF-4609-46DB-9D52-FB93E8D344ED}
		{B3283558-7C35-4687-A47A-1223DB5DEB43} = {BC0B9FEF-4609-46DB-9D52-FB93E8D344ED}
		{BEBE344F-CA5D-4956-B69D-3E6FA7278411} = {BC0B9FEF-4609-46DB-9D52-FB93E8D344ED}
		{C8D6C72B-5D1B-484B-9FEA-B211E9DBAE19} = {BC0B9FEF-4609-46DB-9D52-FB93E8D344ED}
		{C349228A-8122-4E89-AFCE-6B3FDAC22A93} = {BC0B9FEF-4609-46DB-9D52-FB93E8D344ED}
	EndGlobalSection
EndGlobal
