
Microsoft Visual Studio Solution File, Format Version 12.00
# Visual Studio Version 17
VisualStudioVersion = 17.0.31903.59
MinimumVisualStudioVersion = 10.0.40219.1
Project("{2150E333-8FDC-42A3-9474-1A3956D46DE8}") = "Solution Items", "Solution Items", "{115864AD-9C88-4A94-BB01-4B11D2ECDC84}"
	ProjectSection(SolutionItems) = preProject
		.editorconfig = .editorconfig
	EndProjectSection
EndProject
Project("{2150E333-8FDC-42A3-9474-1A3956D46DE8}") = "src", "src", "{6665880C-5124-4436-BA7E-1251164583F3}"
EndProject
Project("{2150E333-8FDC-42A3-9474-1A3956D46DE8}") = "Domain", "Domain", "{1B58A708-3353-4338-90C6-420EB830A505}"
EndProject
Project("{2150E333-8FDC-42A3-9474-1A3956D46DE8}") = "Application", "Application", "{B475CE07-2602-4379-8770-E08137BE92A5}"
EndProject
Project("{2150E333-8FDC-42A3-9474-1A3956D46DE8}") = "Infrastructure", "Infrastructure", "{44E2D837-3D44-4650-887D-2032D7D5DC17}"
EndProject
Project("{2150E333-8FDC-42A3-9474-1A3956D46DE8}") = "RestApi", "RestApi", "{EAE4DC21-3DF0-4E06-890C-917C8EF1ADBA}"
EndProject
Project("{FAE04EC0-301F-11D3-BF4B-00C04F79EFBC}") = "Lumen.Users.Domain", "src\Domain\Lumen.Users.Domain\Lumen.Users.Domain.csproj", "{507BCF40-E1A7-434E-890F-B4F0CCDE4949}"
EndProject
Global
	GlobalSection(SolutionConfigurationPlatforms) = preSolution
		Debug|Any CPU = Debug|Any CPU
		Release|Any CPU = Release|Any CPU
	EndGlobalSection
	GlobalSection(ProjectConfigurationPlatforms) = postSolution
		{507BCF40-E1A7-434E-890F-B4F0CCDE4949}.Debug|Any CPU.ActiveCfg = Debug|Any CPU
		{507BCF40-E1A7-434E-890F-B4F0CCDE4949}.Debug|Any CPU.Build.0 = Debug|Any CPU
		{507BCF40-E1A7-434E-890F-B4F0CCDE4949}.Release|Any CPU.ActiveCfg = Release|Any CPU
		{507BCF40-E1A7-434E-890F-B4F0CCDE4949}.Release|Any CPU.Build.0 = Release|Any CPU
	EndGlobalSection
	GlobalSection(SolutionProperties) = preSolution
		HideSolutionNode = FALSE
	EndGlobalSection
	GlobalSection(NestedProjects) = preSolution
		{1B58A708-3353-4338-90C6-420EB830A505} = {6665880C-5124-4436-BA7E-1251164583F3}
		{B475CE07-2602-4379-8770-E08137BE92A5} = {6665880C-5124-4436-BA7E-1251164583F3}
		{44E2D837-3D44-4650-887D-2032D7D5DC17} = {6665880C-5124-4436-BA7E-1251164583F3}
		{EAE4DC21-3DF0-4E06-890C-917C8EF1ADBA} = {6665880C-5124-4436-BA7E-1251164583F3}
		{507BCF40-E1A7-434E-890F-B4F0CCDE4949} = {1B58A708-3353-4338-90C6-420EB830A505}
	EndGlobalSection
EndGlobal
